PODS:
  - Flutter (1.0.0)
  - image_cropper (0.0.4):
    - Flutter
    - TOCropViewController (~> 2.6.1)
  - image_picker_ios (0.0.1):
    - Flutter
  - local_auth_darwin (0.0.1):
    - Flutter
  - osstp_badge (0.0.1):
    - Flutter
  - osstp_dialog (0.0.1):
    - Flutter
  - osstp_dynamic_theme (0.0.1):
    - Flutter
  - osstp_local_storage (0.0.1):
    - Flutter
  - osstp_main_tabbar (0.0.1):
    - Flutter
  - osstp_network (0.0.1):
    - Flutter
  - osstp_textfield (0.0.1):
    - Flutter
  - permission_handler_apple (9.3.0):
    - Flutter
  - shared_preferences_foundation (0.0.1):
    - Flutter
    - FlutterMacOS
  - TOCropViewController (2.6.1)
  - url_launcher_ios (0.0.1):
    - Flutter

DEPENDENCIES:
  - Flutter (from `Flutter`)
  - image_cropper (from `.symlinks/plugins/image_cropper/ios`)
  - image_picker_ios (from `.symlinks/plugins/image_picker_ios/ios`)
  - local_auth_darwin (from `.symlinks/plugins/local_auth_darwin/darwin`)
  - osstp_badge (from `.symlinks/plugins/osstp_badge/ios`)
  - osstp_dialog (from `.symlinks/plugins/osstp_dialog/ios`)
  - osstp_dynamic_theme (from `.symlinks/plugins/osstp_dynamic_theme/ios`)
  - osstp_local_storage (from `.symlinks/plugins/osstp_local_storage/ios`)
  - osstp_main_tabbar (from `.symlinks/plugins/osstp_main_tabbar/ios`)
  - osstp_network (from `.symlinks/plugins/osstp_network/ios`)
  - osstp_textfield (from `.symlinks/plugins/osstp_textfield/ios`)
  - permission_handler_apple (from `.symlinks/plugins/permission_handler_apple/ios`)
  - shared_preferences_foundation (from `.symlinks/plugins/shared_preferences_foundation/darwin`)
  - url_launcher_ios (from `.symlinks/plugins/url_launcher_ios/ios`)

SPEC REPOS:
  trunk:
    - TOCropViewController

EXTERNAL SOURCES:
  Flutter:
    :path: Flutter
  image_cropper:
    :path: ".symlinks/plugins/image_cropper/ios"
  image_picker_ios:
    :path: ".symlinks/plugins/image_picker_ios/ios"
  local_auth_darwin:
    :path: ".symlinks/plugins/local_auth_darwin/darwin"
  osstp_badge:
    :path: ".symlinks/plugins/osstp_badge/ios"
  osstp_dialog:
    :path: ".symlinks/plugins/osstp_dialog/ios"
  osstp_dynamic_theme:
    :path: ".symlinks/plugins/osstp_dynamic_theme/ios"
  osstp_local_storage:
    :path: ".symlinks/plugins/osstp_local_storage/ios"
  osstp_main_tabbar:
    :path: ".symlinks/plugins/osstp_main_tabbar/ios"
  osstp_network:
    :path: ".symlinks/plugins/osstp_network/ios"
  osstp_textfield:
    :path: ".symlinks/plugins/osstp_textfield/ios"
  permission_handler_apple:
    :path: ".symlinks/plugins/permission_handler_apple/ios"
  shared_preferences_foundation:
    :path: ".symlinks/plugins/shared_preferences_foundation/darwin"
  url_launcher_ios:
    :path: ".symlinks/plugins/url_launcher_ios/ios"

SPEC CHECKSUMS:
  Flutter: e0871f40cf51350855a761d2e70bf5af5b9b5de7
  image_cropper: a3291c624a953049bc6a02e1f8c8ceb162a24b25
  image_picker_ios: b545a5f16c0fa88e3ecbbce3ed4de45567a8ec18
  local_auth_darwin: c7e464000a6a89e952235699e32b329457608d98
  osstp_badge: 648d96032a7cecf75b70b382812fc6886e184638
  osstp_dialog: 45c8f37c3cdfc12db8fd56df6579b968230c7c4e
  osstp_dynamic_theme: e14320efe3d46959f9849bfea1004f318d61d130
  osstp_local_storage: f0715031f3afb3f787dc1765606f9de684ad24bd
  osstp_main_tabbar: 4346e2faa2096d71630a91b686112d9de0bc201a
  osstp_network: c69b510ca904965f6935cec1503f600d821afe60
  osstp_textfield: 69339558aee63cbbbd53f269b46e1c31a65ec1a2
  permission_handler_apple: 9878588469a2b0d0fc1e048d9f43605f92e6cec2
  shared_preferences_foundation: b4c3b4cddf1c21f02770737f147a3f5da9d39695
  TOCropViewController: edfd4f25713d56905ad1e0b9f5be3fbe0f59c863
  url_launcher_ios: 6116280ddcfe98ab8820085d8d76ae7449447586

PODFILE CHECKSUM: 180cfb1103d2bf76ea0396dc1c37c1b49d051ed1

COCOAPODS: 1.15.2
